
Microsoft Visual Studio Solution File, Format Version 12.00
# Visual Studio Version 17
VisualStudioVersion = 17.0.31903.59
MinimumVisualStudioVersion = 10.0.40219.1
Project("{FAE04EC0-301F-11D3-BF4B-00C04F79EFBC}") = "CourseManagementSystem", "CourseManagementSystem\CourseManagementSystem.csproj", "{A24AAA65-19A6-422F-B18F-710B646CE623}"
EndProject
Project("{FAE04EC0-301F-11D3-BF4B-00C04F79EFBC}") = "CourseManagementSystem.Tests", "CourseManagementSystem.Tests\CourseManagementSystem.Tests.csproj", "{EA141F04-F8FE-40BE-88DD-56F4591A0C80}"
EndProject
Global
	GlobalSection(SolutionConfigurationPlatforms) = preSolution
		Debug|Any CPU = Debug|Any CPU
		Release|Any CPU = Release|Any CPU
	EndGlobalSection
	GlobalSection(SolutionProperties) = preSolution
		HideSolutionNode = FALSE
	EndGlobalSection
	GlobalSection(ProjectConfigurationPlatforms) = postSolution
		{A24AAA65-19A6-422F-B18F-710B646CE623}.Debug|Any CPU.ActiveCfg = Debug|Any CPU
		{A24AAA65-19A6-422F-B18F-710B646CE623}.Debug|Any CPU.Build.0 = Debug|Any CPU
		{A24AAA65-19A6-422F-B18F-710B646CE623}.Release|Any CPU.ActiveCfg = Release|Any CPU
		{A24AAA65-19A6-422F-B18F-710B646CE623}.Release|Any CPU.Build.0 = Release|Any CPU
		{EA141F04-F8FE-40BE-88DD-56F4591A0C80}.Debug|Any CPU.ActiveCfg = Debug|Any CPU
		{EA141F04-F8FE-40BE-88DD-56F4591A0C80}.Debug|Any CPU.Build.0 = Debug|Any CPU
		{EA141F04-F8FE-40BE-88DD-56F4591A0C80}.Release|Any CPU.ActiveCfg = Release|Any CPU
		{EA141F04-F8FE-40BE-88DD-56F4591A0C80}.Release|Any CPU.Build.0 = Release|Any CPU
	EndGlobalSection
EndGlobal
